// !$*UTF8*$!
{
	archiveVersion = 1;
	classes = {
	};
	objectVersion = 50;
	objects = {

/* Begin PBXBuildFile section */
		3A1D6D10258E01F90096A416 /* AppDelegate.swift in Sources */ = {isa = PBXBuildFile; fileRef = 3A1D6D0F258E01F90096A416 /* AppDelegate.swift */; };
		3A1D6D12258E01F90096A416 /* ViewController.swift in Sources */ = {isa = PBXBuildFile; fileRef = 3A1D6D11258E01F90096A416 /* ViewController.swift */; };
		3A1D6D14258E01FB0096A416 /* Assets.xcassets in Resources */ = {isa = PBXBuildFile; fileRef = 3A1D6D13258E01FB0096A416 /* Assets.xcassets */; };
		3A1D6D17258E01FB0096A416 /* Main.storyboard in Resources */ = {isa = PBXBuildFile; fileRef = 3A1D6D15258E01FB0096A416 /* Main.storyboard */; };
		3A9EA823259C1C5A0000962E /* Enums.swift in Sources */ = {isa = PBXBuildFile; fileRef = 3A9EA822259C1C5A0000962E /* Enums.swift */; };
		3A9EA829259DE8990000962E /* Extentions.swift in Sources */ = {isa = PBXBuildFile; fileRef = 3A9EA828259DE8990000962E /* Extentions.swift */; };
		3A9EA82D259EC6220000962E /* PinWindowController.swift in Sources */ = {isa = PBXBuildFile; fileRef = 3A9EA82B259EC6220000962E /* PinWindowController.swift */; };
		3A9EA831259EC63C0000962E /* PinWindow.swift in Sources */ = {isa = PBXBuildFile; fileRef = 3A9EA830259EC63C0000962E /* PinWindow.swift */; };
		3A9EA834259EC6C00000962E /* PinView.swift in Sources */ = {isa = PBXBuildFile; fileRef = 3A9EA833259EC6C00000962E /* PinView.swift */; };
		3A9EA838259ECDFE0000962E /* PinWindowController.xib in Resources */ = {isa = PBXBuildFile; fileRef = 3A9EA837259ECDFE0000962E /* PinWindowController.xib */; };
		3AB244392598420F003C0CDA /* ClipManager.swift in Sources */ = {isa = PBXBuildFile; fileRef = 3AB244382598420F003C0CDA /* ClipManager.swift */; };
		3AB2443C2598421A003C0CDA /* PinManager.swift in Sources */ = {isa = PBXBuildFile; fileRef = 3AB2443B2598421A003C0CDA /* PinManager.swift */; };
		3AB24444259844BB003C0CDA /* ClipWindow.swift in Sources */ = {isa = PBXBuildFile; fileRef = 3AB24443259844BA003C0CDA /* ClipWindow.swift */; };
		3AB24447259844CD003C0CDA /* ClipView.swift in Sources */ = {isa = PBXBuildFile; fileRef = 3AB24446259844CD003C0CDA /* ClipView.swift */; };
		3AB2444F2598463B003C0CDA /* ClipWindowController.swift in Sources */ = {isa = PBXBuildFile; fileRef = 3AB2444E2598463B003C0CDA /* ClipWindowController.swift */; };
/* End PBXBuildFile section */

/* Begin PBXFileReference section */
		3A1D6D0C258E01F90096A416 /* Clipin.app */ = {isa = PBXFileReference; explicitFileType = wrapper.application; includeInIndex = 0; path = Clipin.app; sourceTree = BUILT_PRODUCTS_DIR; };
		3A1D6D0F258E01F90096A416 /* AppDelegate.swift */ = {isa = PBXFileReference; lastKnownFileType = sourcecode.swift; path = AppDelegate.swift; sourceTree = "<group>"; };
		3A1D6D11258E01F90096A416 /* ViewController.swift */ = {isa = PBXFileReference; lastKnownFileType = sourcecode.swift; path = ViewController.swift; sourceTree = "<group>"; };
		3A1D6D13258E01FB0096A416 /* Assets.xcassets */ = {isa = PBXFileReference; lastKnownFileType = folder.assetcatalog; path = Assets.xcassets; sourceTree = "<group>"; };
		3A1D6D16258E01FB0096A416 /* Base */ = {isa = PBXFileReference; lastKnownFileType = file.storyboard; name = Base; path = Base.lproj/Main.storyboard; sourceTree = "<group>"; };
		3A1D6D18258E01FB0096A416 /* Info.plist */ = {isa = PBXFileReference; lastKnownFileType = text.plist.xml; path = Info.plist; sourceTree = "<group>"; };
		3A1D6D19258E01FB0096A416 /* Clipin.entitlements */ = {isa = PBXFileReference; lastKnownFileType = text.plist.entitlements; path = Clipin.entitlements; sourceTree = "<group>"; };
		3A9EA822259C1C5A0000962E /* Enums.swift */ = {isa = PBXFileReference; lastKnownFileType = sourcecode.swift; path = Enums.swift; sourceTree = "<group>"; };
		3A9EA828259DE8990000962E /* Extentions.swift */ = {isa = PBXFileReference; lastKnownFileType = sourcecode.swift; path = Extentions.swift; sourceTree = "<group>"; };
		3A9EA82B259EC6220000962E /* PinWindowController.swift */ = {isa = PBXFileReference; lastKnownFileType = sourcecode.swift; path = PinWindowController.swift; sourceTree = "<group>"; };
		3A9EA830259EC63C0000962E /* PinWindow.swift */ = {isa = PBXFileReference; lastKnownFileType = sourcecode.swift; path = PinWindow.swift; sourceTree = "<group>"; };
		3A9EA833259EC6C00000962E /* PinView.swift */ = {isa = PBXFileReference; lastKnownFileType = sourcecode.swift; path = PinView.swift; sourceTree = "<group>"; };
		3A9EA837259ECDFE0000962E /* PinWindowController.xib */ = {isa = PBXFileReference; lastKnownFileType = file.xib; path = PinWindowController.xib; sourceTree = "<group>"; };
		3AB244382598420F003C0CDA /* ClipManager.swift */ = {isa = PBXFileReference; lastKnownFileType = sourcecode.swift; path = ClipManager.swift; sourceTree = "<group>"; };
		3AB2443B2598421A003C0CDA /* PinManager.swift */ = {isa = PBXFileReference; lastKnownFileType = sourcecode.swift; path = PinManager.swift; sourceTree = "<group>"; };
		3AB24443259844BA003C0CDA /* ClipWindow.swift */ = {isa = PBXFileReference; lastKnownFileType = sourcecode.swift; path = ClipWindow.swift; sourceTree = "<group>"; };
		3AB24446259844CD003C0CDA /* ClipView.swift */ = {isa = PBXFileReference; lastKnownFileType = sourcecode.swift; path = ClipView.swift; sourceTree = "<group>"; };
		3AB2444E2598463B003C0CDA /* ClipWindowController.swift */ = {isa = PBXFileReference; lastKnownFileType = sourcecode.swift; path = ClipWindowController.swift; sourceTree = "<group>"; };
/* End PBXFileReference section */

/* Begin PBXFrameworksBuildPhase section */
		3A1D6D09258E01F90096A416 /* Frameworks */ = {
			isa = PBXFrameworksBuildPhase;
			buildActionMask = 2147483647;
			files = (
			);
			runOnlyForDeploymentPostprocessing = 0;
		};
/* End PBXFrameworksBuildPhase section */

/* Begin PBXGroup section */
		3A1D6D03258E01F90096A416 = {
			isa = PBXGroup;
			children = (
				3A1D6D0E258E01F90096A416 /* Clipin */,
				3A1D6D0D258E01F90096A416 /* Products */,
			);
			sourceTree = "<group>";
		};
		3A1D6D0D258E01F90096A416 /* Products */ = {
			isa = PBXGroup;
			children = (
				3A1D6D0C258E01F90096A416 /* Clipin.app */,
			);
			name = Products;
			sourceTree = "<group>";
		};
		3A1D6D0E258E01F90096A416 /* Clipin */ = {
			isa = PBXGroup;
			children = (
				3A9EA821259C1C430000962E /* Utils */,
				3AB2444B259844DD003C0CDA /* Shared */,
				3AB2444A259844D8003C0CDA /* Pin */,
				3AB24449259844D0003C0CDA /* Clip */,
				3A1D6D0F258E01F90096A416 /* AppDelegate.swift */,
				3A1D6D11258E01F90096A416 /* ViewController.swift */,
				3A1D6D13258E01FB0096A416 /* Assets.xcassets */,
				3A1D6D15258E01FB0096A416 /* Main.storyboard */,
				3A1D6D18258E01FB0096A416 /* Info.plist */,
				3A1D6D19258E01FB0096A416 /* Clipin.entitlements */,
			);
			path = Clipin;
			sourceTree = "<group>";
		};
		3A9EA821259C1C430000962E /* Utils */ = {
			isa = PBXGroup;
			children = (
				3A9EA822259C1C5A0000962E /* Enums.swift */,
				3A9EA828259DE8990000962E /* Extentions.swift */,
			);
			path = Utils;
			sourceTree = "<group>";
		};
		3AB24449259844D0003C0CDA /* Clip */ = {
			isa = PBXGroup;
			children = (
				3AB2444E2598463B003C0CDA /* ClipWindowController.swift */,
				3AB24443259844BA003C0CDA /* ClipWindow.swift */,
				3AB24446259844CD003C0CDA /* ClipView.swift */,
			);
			path = Clip;
			sourceTree = "<group>";
		};
		3AB2444A259844D8003C0CDA /* Pin */ = {
			isa = PBXGroup;
			children = (
				3A9EA82B259EC6220000962E /* PinWindowController.swift */,
				3A9EA830259EC63C0000962E /* PinWindow.swift */,
				3A9EA833259EC6C00000962E /* PinView.swift */,
				3A9EA837259ECDFE0000962E /* PinWindowController.xib */,
			);
			path = Pin;
			sourceTree = "<group>";
		};
		3AB2444B259844DD003C0CDA /* Shared */ = {
			isa = PBXGroup;
			children = (
				3AB244382598420F003C0CDA /* ClipManager.swift */,
				3AB2443B2598421A003C0CDA /* PinManager.swift */,
			);
			path = Shared;
			sourceTree = "<group>";
		};
/* End PBXGroup section */

/* Begin PBXNativeTarget section */
		3A1D6D0B258E01F90096A416 /* Clipin */ = {
			isa = PBXNativeTarget;
			buildConfigurationList = 3A1D6D1C258E01FB0096A416 /* Build configuration list for PBXNativeTarget "Clipin" */;
			buildPhases = (
				3A1D6D08258E01F90096A416 /* Sources */,
				3A1D6D09258E01F90096A416 /* Frameworks */,
				3A1D6D0A258E01F90096A416 /* Resources */,
			);
			buildRules = (
			);
			dependencies = (
			);
			name = Clipin;
			productName = Clipin;
			productReference = 3A1D6D0C258E01F90096A416 /* Clipin.app */;
			productType = "com.apple.product-type.application";
		};
/* End PBXNativeTarget section */

/* Begin PBXProject section */
		3A1D6D04258E01F90096A416 /* Project object */ = {
			isa = PBXProject;
			attributes = {
				LastSwiftUpdateCheck = 1230;
				LastUpgradeCheck = 1230;
				TargetAttributes = {
					3A1D6D0B258E01F90096A416 = {
						CreatedOnToolsVersion = 12.3;
					};
				};
			};
			buildConfigurationList = 3A1D6D07258E01F90096A416 /* Build configuration list for PBXProject "Clipin" */;
			compatibilityVersion = "Xcode 9.3";
			developmentRegion = en;
			hasScannedForEncodings = 0;
			knownRegions = (
				en,
				Base,
			);
			mainGroup = 3A1D6D03258E01F90096A416;
			productRefGroup = 3A1D6D0D258E01F90096A416 /* Products */;
			projectDirPath = "";
			projectRoot = "";
			targets = (
				3A1D6D0B258E01F90096A416 /* Clipin */,
			);
		};
/* End PBXProject section */

/* Begin PBXResourcesBuildPhase section */
		3A1D6D0A258E01F90096A416 /* Resources */ = {
			isa = PBXResourcesBuildPhase;
			buildActionMask = 2147483647;
			files = (
				3A1D6D14258E01FB0096A416 /* Assets.xcassets in Resources */,
				3A9EA838259ECDFE0000962E /* PinWindowController.xib in Resources */,
				3A1D6D17258E01FB0096A416 /* Main.storyboard in Resources */,
			);
			runOnlyForDeploymentPostprocessing = 0;
		};
/* End PBXResourcesBuildPhase section */

/* Begin PBXSourcesBuildPhase section */
		3A1D6D08258E01F90096A416 /* Sources */ = {
			isa = PBXSourcesBuildPhase;
			buildActionMask = 2147483647;
			files = (
				3AB2444F2598463B003C0CDA /* ClipWindowController.swift in Sources */,
				3AB244392598420F003C0CDA /* ClipManager.swift in Sources */,
				3A9EA834259EC6C00000962E /* PinView.swift in Sources */,
				3AB2443C2598421A003C0CDA /* PinManager.swift in Sources */,
				3A9EA823259C1C5A0000962E /* Enums.swift in Sources */,
				3AB24444259844BB003C0CDA /* ClipWindow.swift in Sources */,
				3A9EA82D259EC6220000962E /* PinWindowController.swift in Sources */,
				3AB24447259844CD003C0CDA /* ClipView.swift in Sources */,
				3A9EA831259EC63C0000962E /* PinWindow.swift in Sources */,
				3A1D6D12258E01F90096A416 /* ViewController.swift in Sources */,
				3A1D6D10258E01F90096A416 /* AppDelegate.swift in Sources */,
				3A9EA829259DE8990000962E /* Extentions.swift in Sources */,
			);
			runOnlyForDeploymentPostprocessing = 0;
		};
/* End PBXSourcesBuildPhase section */

/* Begin PBXVariantGroup section */
		3A1D6D15258E01FB0096A416 /* Main.storyboard */ = {
			isa = PBXVariantGroup;
			children = (
				3A1D6D16258E01FB0096A416 /* Base */,
			);
			name = Main.storyboard;
			sourceTree = "<group>";
		};
/* End PBXVariantGroup section */

/* Begin XCBuildConfiguration section */
		3A1D6D1A258E01FB0096A416 /* Debug */ = {
			isa = XCBuildConfiguration;
			buildSettings = {
				ALWAYS_SEARCH_USER_PATHS = NO;
				CLANG_ANALYZER_NONNULL = YES;
				CLANG_ANALYZER_NUMBER_OBJECT_CONVERSION = YES_AGGRESSIVE;
				CLANG_CXX_LANGUAGE_STANDARD = "gnu++14";
				CLANG_CXX_LIBRARY = "libc++";
				CLANG_ENABLE_MODULES = YES;
				CLANG_ENABLE_OBJC_ARC = YES;
				CLANG_ENABLE_OBJC_WEAK = YES;
				CLANG_WARN_BLOCK_CAPTURE_AUTORELEASING = YES;
				CLANG_WARN_BOOL_CONVERSION = YES;
				CLANG_WARN_COMMA = YES;
				CLANG_WARN_CONSTANT_CONVERSION = YES;
				CLANG_WARN_DEPRECATED_OBJC_IMPLEMENTATIONS = YES;
				CLANG_WARN_DIRECT_OBJC_ISA_USAGE = YES_ERROR;
				CLANG_WARN_DOCUMENTATION_COMMENTS = YES;
				CLANG_WARN_EMPTY_BODY = YES;
				CLANG_WARN_ENUM_CONVERSION = YES;
				CLANG_WARN_INFINITE_RECURSION = YES;
				CLANG_WARN_INT_CONVERSION = YES;
				CLANG_WARN_NON_LITERAL_NULL_CONVERSION = YES;
				CLANG_WARN_OBJC_IMPLICIT_RETAIN_SELF = YES;
				CLANG_WARN_OBJC_LITERAL_CONVERSION = YES;
				CLANG_WARN_OBJC_ROOT_CLASS = YES_ERROR;
				CLANG_WARN_QUOTED_INCLUDE_IN_FRAMEWORK_HEADER = YES;
				CLANG_WARN_RANGE_LOOP_ANALYSIS = YES;
				CLANG_WARN_STRICT_PROTOTYPES = YES;
				CLANG_WARN_SUSPICIOUS_MOVE = YES;
				CLANG_WARN_UNGUARDED_AVAILABILITY = YES_AGGRESSIVE;
				CLANG_WARN_UNREACHABLE_CODE = YES;
				CLANG_WARN__DUPLICATE_METHOD_MATCH = YES;
				COPY_PHASE_STRIP = NO;
				DEBUG_INFORMATION_FORMAT = dwarf;
				ENABLE_STRICT_OBJC_MSGSEND = YES;
				ENABLE_TESTABILITY = YES;
				GCC_C_LANGUAGE_STANDARD = gnu11;
				GCC_DYNAMIC_NO_PIC = NO;
				GCC_NO_COMMON_BLOCKS = YES;
				GCC_OPTIMIZATION_LEVEL = 0;
				GCC_PREPROCESSOR_DEFINITIONS = (
					"DEBUG=1",
					"$(inherited)",
				);
				GCC_WARN_64_TO_32_BIT_CONVERSION = YES;
				GCC_WARN_ABOUT_RETURN_TYPE = YES_ERROR;
				GCC_WARN_UNDECLARED_SELECTOR = YES;
				GCC_WARN_UNINITIALIZED_AUTOS = YES_AGGRESSIVE;
				GCC_WARN_UNUSED_FUNCTION = YES;
				GCC_WARN_UNUSED_VARIABLE = YES;
				MACOSX_DEPLOYMENT_TARGET = 11.1;
				MTL_ENABLE_DEBUG_INFO = INCLUDE_SOURCE;
				MTL_FAST_MATH = YES;
				ONLY_ACTIVE_ARCH = YES;
				SDKROOT = macosx;
				SWIFT_ACTIVE_COMPILATION_CONDITIONS = DEBUG;
				SWIFT_OPTIMIZATION_LEVEL = "-Onone";
			};
			name = Debug;
		};
		3A1D6D1B258E01FB0096A416 /* Release */ = {
			isa = XCBuildConfiguration;
			buildSettings = {
				ALWAYS_SEARCH_USER_PATHS = NO;
				CLANG_ANALYZER_NONNULL = YES;
				CLANG_ANALYZER_NUMBER_OBJECT_CONVERSION = YES_AGGRESSIVE;
				CLANG_CXX_LANGUAGE_STANDARD = "gnu++14";
				CLANG_CXX_LIBRARY = "libc++";
				CLANG_ENABLE_MODULES = YES;
				CLANG_ENABLE_OBJC_ARC = YES;
				CLANG_ENABLE_OBJC_WEAK = YES;
				CLANG_WARN_BLOCK_CAPTURE_AUTORELEASING = YES;
				CLANG_WARN_BOOL_CONVERSION = YES;
				CLANG_WARN_COMMA = YES;
				CLANG_WARN_CONSTANT_CONVERSION = YES;
				CLANG_WARN_DEPRECATED_OBJC_IMPLEMENTATIONS = YES;
				CLANG_WARN_DIRECT_OBJC_ISA_USAGE = YES_ERROR;
				CLANG_WARN_DOCUMENTATION_COMMENTS = YES;
				CLANG_WARN_EMPTY_BODY = YES;
				CLANG_WARN_ENUM_CONVERSION = YES;
				CLANG_WARN_INFINITE_RECURSION = YES;
				CLANG_WARN_INT_CONVERSION = YES;
				CLANG_WARN_NON_LITERAL_NULL_CONVERSION = YES;
				CLANG_WARN_OBJC_IMPLICIT_RETAIN_SELF = YES;
				CLANG_WARN_OBJC_LITERAL_CONVERSION = YES;
				CLANG_WARN_OBJC_ROOT_CLASS = YES_ERROR;
				CLANG_WARN_QUOTED_INCLUDE_IN_FRAMEWORK_HEADER = YES;
				CLANG_WARN_RANGE_LOOP_ANALYSIS = YES;
				CLANG_WARN_STRICT_PROTOTYPES = YES;
				CLANG_WARN_SUSPICIOUS_MOVE = YES;
				CLANG_WARN_UNGUARDED_AVAILABILITY = YES_AGGRESSIVE;
				CLANG_WARN_UNREACHABLE_CODE = YES;
				CLANG_WARN__DUPLICATE_METHOD_MATCH = YES;
				COPY_PHASE_STRIP = NO;
				DEBUG_INFORMATION_FORMAT = "dwarf-with-dsym";
				ENABLE_NS_ASSERTIONS = NO;
				ENABLE_STRICT_OBJC_MSGSEND = YES;
				GCC_C_LANGUAGE_STANDARD = gnu11;
				GCC_NO_COMMON_BLOCKS = YES;
				GCC_WARN_64_TO_32_BIT_CONVERSION = YES;
				GCC_WARN_ABOUT_RETURN_TYPE = YES_ERROR;
				GCC_WARN_UNDECLARED_SELECTOR = YES;
				GCC_WARN_UNINITIALIZED_AUTOS = YES_AGGRESSIVE;
				GCC_WARN_UNUSED_FUNCTION = YES;
				GCC_WARN_UNUSED_VARIABLE = YES;
				MACOSX_DEPLOYMENT_TARGET = 11.1;
				MTL_ENABLE_DEBUG_INFO = NO;
				MTL_FAST_MATH = YES;
				SDKROOT = macosx;
				SWIFT_COMPILATION_MODE = wholemodule;
				SWIFT_OPTIMIZATION_LEVEL = "-O";
			};
			name = Release;
		};
		3A1D6D1D258E01FB0096A416 /* Debug */ = {
			isa = XCBuildConfiguration;
			buildSettings = {
				ASSETCATALOG_COMPILER_APPICON_NAME = AppIcon;
				ASSETCATALOG_COMPILER_GLOBAL_ACCENT_COLOR_NAME = AccentColor;
				CODE_SIGN_ENTITLEMENTS = Clipin/Clipin.entitlements;
				CODE_SIGN_STYLE = Automatic;
				COMBINE_HIDPI_IMAGES = YES;
				DEVELOPMENT_TEAM = LD6682LBQK;
				ENABLE_HARDENED_RUNTIME = YES;
				INFOPLIST_FILE = Clipin/Info.plist;
				LD_RUNPATH_SEARCH_PATHS = (
					"$(inherited)",
					"@executable_path/../Frameworks",
				);
				PRODUCT_BUNDLE_IDENTIFIER = ha9Em0n.Clipin;
				PRODUCT_NAME = "$(TARGET_NAME)";
				SWIFT_VERSION = 5.0;
			};
			name = Debug;
		};
		3A1D6D1E258E01FB0096A416 /* Release */ = {
			isa = XCBuildConfiguration;
			buildSettings = {
				ASSETCATALOG_COMPILER_APPICON_NAME = AppIcon;
				ASSETCATALOG_COMPILER_GLOBAL_ACCENT_COLOR_NAME = AccentColor;
				CODE_SIGN_ENTITLEMENTS = Clipin/Clipin.entitlements;
				CODE_SIGN_STYLE = Automatic;
				COMBINE_HIDPI_IMAGES = YES;
				DEVELOPMENT_TEAM = LD6682LBQK;
				ENABLE_HARDENED_RUNTIME = YES;
				INFOPLIST_FILE = Clipin/Info.plist;
				LD_RUNPATH_SEARCH_PATHS = (
					"$(inherited)",
					"@executable_path/../Frameworks",
				);
				PRODUCT_BUNDLE_IDENTIFIER = ha9Em0n.Clipin;
				PRODUCT_NAME = "$(TARGET_NAME)";
				SWIFT_VERSION = 5.0;
			};
			name = Release;
		};
/* End XCBuildConfiguration section */

/* Begin XCConfigurationList section */
		3A1D6D07258E01F90096A416 /* Build configuration list for PBXProject "Clipin" */ = {
			isa = XCConfigurationList;
			buildConfigurations = (
				3A1D6D1A258E01FB0096A416 /* Debug */,
				3A1D6D1B258E01FB0096A416 /* Release */,
			);
			defaultConfigurationIsVisible = 0;
			defaultConfigurationName = Release;
		};
		3A1D6D1C258E01FB0096A416 /* Build configuration list for PBXNativeTarget "Clipin" */ = {
			isa = XCConfigurationList;
			buildConfigurations = (
				3A1D6D1D258E01FB0096A416 /* Debug */,
				3A1D6D1E258E01FB0096A416 /* Release */,
			);
			defaultConfigurationIsVisible = 0;
			defaultConfigurationName = Release;
		};
/* End XCConfigurationList section */
	};
	rootObject = 3A1D6D04258E01F90096A416 /* Project object */;
}
